
Microsoft Visual Studio Solution File, Format Version 12.00
# Visual Studio 15
VisualStudioVersion = 15.0.26228.9
MinimumVisualStudioVersion = 10.0.40219.1
Project("{FAE04EC0-301F-11D3-BF4B-00C04F79EFBC}") = "eCommerce.Contracts", "eCommerce.Contracts\eCommerce.Contracts.csproj", "{A4F9D588-2B0C-4271-8C87-ADFDA7CC211C}"
EndProject
Project("{FAE04EC0-301F-11D3-BF4B-00C04F79EFBC}") = "eCommerce.DAL", "eCommerce.DAL\eCommerce.DAL.csproj", "{CDB540B0-1534-4F87-BC1B-592E0DF5D278}"
EndProject
Project("{FAE04EC0-301F-11D3-BF4B-00C04F79EFBC}") = "eCommerce.Model", "eCommerce.Model\eCommerce.Model.csproj", "{C225A2BE-0435-47A5-BFA3-FE40D3F2ABE9}"
EndProject
Project("{FAE04EC0-301F-11D3-BF4B-00C04F79EFBC}") = "eCommerce.WebUI", "eCommerce.WebUI\eCommerce.WebUI.csproj", "{3AB97B6D-B33A-47A8-A8AB-97E96BE5BB2F}"
EndProject
Project("{FAE04EC0-301F-11D3-BF4B-00C04F79EFBC}") = "eCommerce.Services", "eCommerce.Services\eCommerce.Services.csproj", "{1896B580-F192-4767-9F17-0D3A14CB26F2}"
EndProject
Project("{FAE04EC0-301F-11D3-BF4B-00C04F79EFBC}") = "PlayGround", "PlayGroung\PlayGround.csproj", "{F2D05833-D3DA-4F51-B4AA-AE52D5FE6893}"
EndProject
Project("{FAE04EC0-301F-11D3-BF4B-00C04F79EFBC}") = "eCommerce.ViewModel", "eCommerce.ViewModel\eCommerce.ViewModel.csproj", "{47EFDC1F-DF08-4953-A8C2-EFFE0E96F901}"
EndProject
Global
	GlobalSection(SolutionConfigurationPlatforms) = preSolution
		Debug|Any CPU = Debug|Any CPU
		Release|Any CPU = Release|Any CPU
	EndGlobalSection
	GlobalSection(ProjectConfigurationPlatforms) = postSolution
		{A4F9D588-2B0C-4271-8C87-ADFDA7CC211C}.Debug|Any CPU.ActiveCfg = Debug|Any CPU
		{A4F9D588-2B0C-4271-8C87-ADFDA7CC211C}.Debug|Any CPU.Build.0 = Debug|Any CPU
		{A4F9D588-2B0C-4271-8C87-ADFDA7CC211C}.Release|Any CPU.ActiveCfg = Release|Any CPU
		{A4F9D588-2B0C-4271-8C87-ADFDA7CC211C}.Release|Any CPU.Build.0 = Release|Any CPU
		{CDB540B0-1534-4F87-BC1B-592E0DF5D278}.Debug|Any CPU.ActiveCfg = Debug|Any CPU
		{CDB540B0-1534-4F87-BC1B-592E0DF5D278}.Debug|Any CPU.Build.0 = Debug|Any CPU
		{CDB540B0-1534-4F87-BC1B-592E0DF5D278}.Release|Any CPU.ActiveCfg = Release|Any CPU
		{CDB540B0-1534-4F87-BC1B-592E0DF5D278}.Release|Any CPU.Build.0 = Release|Any CPU
		{C225A2BE-0435-47A5-BFA3-FE40D3F2ABE9}.Debug|Any CPU.ActiveCfg = Debug|Any CPU
		{C225A2BE-0435-47A5-BFA3-FE40D3F2ABE9}.Debug|Any CPU.Build.0 = Debug|Any CPU
		{C225A2BE-0435-47A5-BFA3-FE40D3F2ABE9}.Release|Any CPU.ActiveCfg = Release|Any CPU
		{C225A2BE-0435-47A5-BFA3-FE40D3F2ABE9}.Release|Any CPU.Build.0 = Release|Any CPU
		{3AB97B6D-B33A-47A8-A8AB-97E96BE5BB2F}.Debug|Any CPU.ActiveCfg = Debug|Any CPU
		{3AB97B6D-B33A-47A8-A8AB-97E96BE5BB2F}.Debug|Any CPU.Build.0 = Debug|Any CPU
		{3AB97B6D-B33A-47A8-A8AB-97E96BE5BB2F}.Release|Any CPU.ActiveCfg = Release|Any CPU
		{3AB97B6D-B33A-47A8-A8AB-97E96BE5BB2F}.Release|Any CPU.Build.0 = Release|Any CPU
		{1896B580-F192-4767-9F17-0D3A14CB26F2}.Debug|Any CPU.ActiveCfg = Debug|Any CPU
		{1896B580-F192-4767-9F17-0D3A14CB26F2}.Debug|Any CPU.Build.0 = Debug|Any CPU
		{1896B580-F192-4767-9F17-0D3A14CB26F2}.Release|Any CPU.ActiveCfg = Release|Any CPU
		{1896B580-F192-4767-9F17-0D3A14CB26F2}.Release|Any CPU.Build.0 = Release|Any CPU
		{F2D05833-D3DA-4F51-B4AA-AE52D5FE6893}.Debug|Any CPU.ActiveCfg = Debug|Any CPU
		{F2D05833-D3DA-4F51-B4AA-AE52D5FE6893}.Debug|Any CPU.Build.0 = Debug|Any CPU
		{F2D05833-D3DA-4F51-B4AA-AE52D5FE6893}.Release|Any CPU.ActiveCfg = Release|Any CPU
		{F2D05833-D3DA-4F51-B4AA-AE52D5FE6893}.Release|Any CPU.Build.0 = Release|Any CPU
		{47EFDC1F-DF08-4953-A8C2-EFFE0E96F901}.Debug|Any CPU.ActiveCfg = Debug|Any CPU
		{47EFDC1F-DF08-4953-A8C2-EFFE0E96F901}.Debug|Any CPU.Build.0 = Debug|Any CPU
		{47EFDC1F-DF08-4953-A8C2-EFFE0E96F901}.Release|Any CPU.ActiveCfg = Release|Any CPU
		{47EFDC1F-DF08-4953-A8C2-EFFE0E96F901}.Release|Any CPU.Build.0 = Release|Any CPU
	EndGlobalSection
	GlobalSection(SolutionProperties) = preSolution
		HideSolutionNode = FALSE
	EndGlobalSection
EndGlobal
